// !$*UTF8*$!
{
	archiveVersion = 1;
	classes = {
	};
	objectVersion = 50;
	objects = {

/* Begin PBXBuildFile section */
		5796793B25DF6CC2004A925D /* AppDelegate.swift in Sources */ = {isa = PBXBuildFile; fileRef = 5796793A25DF6CC2004A925D /* AppDelegate.swift */; };
		5796793D25DF6CC2004A925D /* SceneDelegate.swift in Sources */ = {isa = PBXBuildFile; fileRef = 5796793C25DF6CC2004A925D /* SceneDelegate.swift */; };
		5796794225DF6CC2004A925D /* Main.storyboard in Resources */ = {isa = PBXBuildFile; fileRef = 5796794025DF6CC2004A925D /* Main.storyboard */; };
		5796794425DF6CC8004A925D /* Assets.xcassets in Resources */ = {isa = PBXBuildFile; fileRef = 5796794325DF6CC8004A925D /* Assets.xcassets */; };
		5796794725DF6CC8004A925D /* LaunchScreen.storyboard in Resources */ = {isa = PBXBuildFile; fileRef = 5796794525DF6CC8004A925D /* LaunchScreen.storyboard */; };
		5796795225DF6CC8004A925D /* flixterTests.swift in Sources */ = {isa = PBXBuildFile; fileRef = 5796795125DF6CC8004A925D /* flixterTests.swift */; };
		5796795D25DF6CC8004A925D /* flixterUITests.swift in Sources */ = {isa = PBXBuildFile; fileRef = 5796795C25DF6CC8004A925D /* flixterUITests.swift */; };
		5796797125DF71ED004A925D /* MoviesViewController.swift in Sources */ = {isa = PBXBuildFile; fileRef = 5796797025DF71ED004A925D /* MoviesViewController.swift */; };
		5796797625DF94DB004A925D /* MovieCell.swift in Sources */ = {isa = PBXBuildFile; fileRef = 5796797525DF94DB004A925D /* MovieCell.swift */; };
		86029AC54C56012C5364076D /* Pods_flixter_flixterUITests.framework in Frameworks */ = {isa = PBXBuildFile; fileRef = 13E17527E9A733FCFC1CBA9A /* Pods_flixter_flixterUITests.framework */; };
		DFCB9D0A46697A5A59E3A1E6 /* Pods_flixterTests.framework in Frameworks */ = {isa = PBXBuildFile; fileRef = 27E8227595A29B6D8BE80183 /* Pods_flixterTests.framework */; };
		F9B52DDEF1D2D2159073F444 /* Pods_flixter.framework in Frameworks */ = {isa = PBXBuildFile; fileRef = 28B2EF0E71FBEA7AA6344530 /* Pods_flixter.framework */; };
/* End PBXBuildFile section */

/* Begin PBXContainerItemProxy section */
		5796794E25DF6CC8004A925D /* PBXContainerItemProxy */ = {
			isa = PBXContainerItemProxy;
			containerPortal = 5796792F25DF6CC2004A925D /* Project object */;
			proxyType = 1;
			remoteGlobalIDString = 5796793625DF6CC2004A925D;
			remoteInfo = flixter;
		};
		5796795925DF6CC8004A925D /* PBXContainerItemProxy */ = {
			isa = PBXContainerItemProxy;
			containerPortal = 5796792F25DF6CC2004A925D /* Project object */;
			proxyType = 1;
			remoteGlobalIDString = 5796793625DF6CC2004A925D;
			remoteInfo = flixter;
		};
/* End PBXContainerItemProxy section */

/* Begin PBXFileReference section */
		0B1A8A84DDA14C5D37A16165 /* Pods-flixterTests.release.xcconfig */ = {isa = PBXFileReference; includeInIndex = 1; lastKnownFileType = text.xcconfig; name = "Pods-flixterTests.release.xcconfig"; path = "Target Support Files/Pods-flixterTests/Pods-flixterTests.release.xcconfig"; sourceTree = "<group>"; };
		13E17527E9A733FCFC1CBA9A /* Pods_flixter_flixterUITests.framework */ = {isa = PBXFileReference; explicitFileType = wrapper.framework; includeInIndex = 0; path = Pods_flixter_flixterUITests.framework; sourceTree = BUILT_PRODUCTS_DIR; };
		27E8227595A29B6D8BE80183 /* Pods_flixterTests.framework */ = {isa = PBXFileReference; explicitFileType = wrapper.framework; includeInIndex = 0; path = Pods_flixterTests.framework; sourceTree = BUILT_PRODUCTS_DIR; };
		28B2EF0E71FBEA7AA6344530 /* Pods_flixter.framework */ = {isa = PBXFileReference; explicitFileType = wrapper.framework; includeInIndex = 0; path = Pods_flixter.framework; sourceTree = BUILT_PRODUCTS_DIR; };
		34B377DC1F6717414ABD9EF4 /* Pods-flixterTests.debug.xcconfig */ = {isa = PBXFileReference; includeInIndex = 1; lastKnownFileType = text.xcconfig; name = "Pods-flixterTests.debug.xcconfig"; path = "Target Support Files/Pods-flixterTests/Pods-flixterTests.debug.xcconfig"; sourceTree = "<group>"; };
		5796793725DF6CC2004A925D /* flixter.app */ = {isa = PBXFileReference; explicitFileType = wrapper.application; includeInIndex = 0; path = flixter.app; sourceTree = BUILT_PRODUCTS_DIR; };
		5796793A25DF6CC2004A925D /* AppDelegate.swift */ = {isa = PBXFileReference; lastKnownFileType = sourcecode.swift; path = AppDelegate.swift; sourceTree = "<group>"; };
		5796793C25DF6CC2004A925D /* SceneDelegate.swift */ = {isa = PBXFileReference; lastKnownFileType = sourcecode.swift; path = SceneDelegate.swift; sourceTree = "<group>"; };
		5796794125DF6CC2004A925D /* Base */ = {isa = PBXFileReference; lastKnownFileType = file.storyboard; name = Base; path = Base.lproj/Main.storyboard; sourceTree = "<group>"; };
		5796794325DF6CC8004A925D /* Assets.xcassets */ = {isa = PBXFileReference; lastKnownFileType = folder.assetcatalog; path = Assets.xcassets; sourceTree = "<group>"; };
		5796794625DF6CC8004A925D /* Base */ = {isa = PBXFileReference; lastKnownFileType = file.storyboard; name = Base; path = Base.lproj/LaunchScreen.storyboard; sourceTree = "<group>"; };
		5796794825DF6CC8004A925D /* Info.plist */ = {isa = PBXFileReference; lastKnownFileType = text.plist.xml; path = Info.plist; sourceTree = "<group>"; };
		5796794D25DF6CC8004A925D /* flixterTests.xctest */ = {isa = PBXFileReference; explicitFileType = wrapper.cfbundle; includeInIndex = 0; path = flixterTests.xctest; sourceTree = BUILT_PRODUCTS_DIR; };
		5796795125DF6CC8004A925D /* flixterTests.swift */ = {isa = PBXFileReference; lastKnownFileType = sourcecode.swift; path = flixterTests.swift; sourceTree = "<group>"; };
		5796795325DF6CC8004A925D /* Info.plist */ = {isa = PBXFileReference; lastKnownFileType = text.plist.xml; path = Info.plist; sourceTree = "<group>"; };
		5796795825DF6CC8004A925D /* flixterUITests.xctest */ = {isa = PBXFileReference; explicitFileType = wrapper.cfbundle; includeInIndex = 0; path = flixterUITests.xctest; sourceTree = BUILT_PRODUCTS_DIR; };
		5796795C25DF6CC8004A925D /* flixterUITests.swift */ = {isa = PBXFileReference; lastKnownFileType = sourcecode.swift; path = flixterUITests.swift; sourceTree = "<group>"; };
		5796795E25DF6CC8004A925D /* Info.plist */ = {isa = PBXFileReference; lastKnownFileType = text.plist.xml; path = Info.plist; sourceTree = "<group>"; };
		5796797025DF71ED004A925D /* MoviesViewController.swift */ = {isa = PBXFileReference; lastKnownFileType = sourcecode.swift; path = MoviesViewController.swift; sourceTree = "<group>"; };
		5796797525DF94DB004A925D /* MovieCell.swift */ = {isa = PBXFileReference; lastKnownFileType = sourcecode.swift; path = MovieCell.swift; sourceTree = "<group>"; };
		88FAC71BBB5BDFB24419A7AE /* Pods-flixter.debug.xcconfig */ = {isa = PBXFileReference; includeInIndex = 1; lastKnownFileType = text.xcconfig; name = "Pods-flixter.debug.xcconfig"; path = "Target Support Files/Pods-flixter/Pods-flixter.debug.xcconfig"; sourceTree = "<group>"; };
		D01BD9782018440876FB3F15 /* Pods-flixter-flixterUITests.debug.xcconfig */ = {isa = PBXFileReference; includeInIndex = 1; lastKnownFileType = text.xcconfig; name = "Pods-flixter-flixterUITests.debug.xcconfig"; path = "Target Support Files/Pods-flixter-flixterUITests/Pods-flixter-flixterUITests.debug.xcconfig"; sourceTree = "<group>"; };
		D508D7CE9A3C9D55A99484E8 /* Pods-flixter-flixterUITests.release.xcconfig */ = {isa = PBXFileReference; includeInIndex = 1; lastKnownFileType = text.xcconfig; name = "Pods-flixter-flixterUITests.release.xcconfig"; path = "Target Support Files/Pods-flixter-flixterUITests/Pods-flixter-flixterUITests.release.xcconfig"; sourceTree = "<group>"; };
		FD7F8D7615BA3E8D347D5723 /* Pods-flixter.release.xcconfig */ = {isa = PBXFileReference; includeInIndex = 1; lastKnownFileType = text.xcconfig; name = "Pods-flixter.release.xcconfig"; path = "Target Support Files/Pods-flixter/Pods-flixter.release.xcconfig"; sourceTree = "<group>"; };
/* End PBXFileReference section */

/* Begin PBXFrameworksBuildPhase section */
		5796793425DF6CC2004A925D /* Frameworks */ = {
			isa = PBXFrameworksBuildPhase;
			buildActionMask = 2147483647;
			files = (
				F9B52DDEF1D2D2159073F444 /* Pods_flixter.framework in Frameworks */,
			);
			runOnlyForDeploymentPostprocessing = 0;
		};
		5796794A25DF6CC8004A925D /* Frameworks */ = {
			isa = PBXFrameworksBuildPhase;
			buildActionMask = 2147483647;
			files = (
				DFCB9D0A46697A5A59E3A1E6 /* Pods_flixterTests.framework in Frameworks */,
			);
			runOnlyForDeploymentPostprocessing = 0;
		};
		5796795525DF6CC8004A925D /* Frameworks */ = {
			isa = PBXFrameworksBuildPhase;
			buildActionMask = 2147483647;
			files = (
				86029AC54C56012C5364076D /* Pods_flixter_flixterUITests.framework in Frameworks */,
			);
			runOnlyForDeploymentPostprocessing = 0;
		};
/* End PBXFrameworksBuildPhase section */

/* Begin PBXGroup section */
		5796792E25DF6CC2004A925D = {
			isa = PBXGroup;
			children = (
				5796793925DF6CC2004A925D /* flixter */,
				5796795025DF6CC8004A925D /* flixterTests */,
				5796795B25DF6CC8004A925D /* flixterUITests */,
				5796793825DF6CC2004A925D /* Products */,
				64F80F4C94C2AF2400970D5A /* Pods */,
				B4FB8260038AAA00CE03BCF3 /* Frameworks */,
			);
			sourceTree = "<group>";
		};
		5796793825DF6CC2004A925D /* Products */ = {
			isa = PBXGroup;
			children = (
				5796793725DF6CC2004A925D /* flixter.app */,
				5796794D25DF6CC8004A925D /* flixterTests.xctest */,
				5796795825DF6CC8004A925D /* flixterUITests.xctest */,
			);
			name = Products;
			sourceTree = "<group>";
		};
		5796793925DF6CC2004A925D /* flixter */ = {
			isa = PBXGroup;
			children = (
				5796793A25DF6CC2004A925D /* AppDelegate.swift */,
				5796793C25DF6CC2004A925D /* SceneDelegate.swift */,
				5796794025DF6CC2004A925D /* Main.storyboard */,
				5796794325DF6CC8004A925D /* Assets.xcassets */,
				5796794525DF6CC8004A925D /* LaunchScreen.storyboard */,
				5796794825DF6CC8004A925D /* Info.plist */,
				5796797025DF71ED004A925D /* MoviesViewController.swift */,
				5796797525DF94DB004A925D /* MovieCell.swift */,
			);
			path = flixter;
			sourceTree = "<group>";
		};
		5796795025DF6CC8004A925D /* flixterTests */ = {
			isa = PBXGroup;
			children = (
				5796795125DF6CC8004A925D /* flixterTests.swift */,
				5796795325DF6CC8004A925D /* Info.plist */,
			);
			path = flixterTests;
			sourceTree = "<group>";
		};
		5796795B25DF6CC8004A925D /* flixterUITests */ = {
			isa = PBXGroup;
			children = (
				5796795C25DF6CC8004A925D /* flixterUITests.swift */,
				5796795E25DF6CC8004A925D /* Info.plist */,
			);
			path = flixterUITests;
			sourceTree = "<group>";
		};
		64F80F4C94C2AF2400970D5A /* Pods */ = {
			isa = PBXGroup;
			children = (
				88FAC71BBB5BDFB24419A7AE /* Pods-flixter.debug.xcconfig */,
				FD7F8D7615BA3E8D347D5723 /* Pods-flixter.release.xcconfig */,
				D01BD9782018440876FB3F15 /* Pods-flixter-flixterUITests.debug.xcconfig */,
				D508D7CE9A3C9D55A99484E8 /* Pods-flixter-flixterUITests.release.xcconfig */,
				34B377DC1F6717414ABD9EF4 /* Pods-flixterTests.debug.xcconfig */,
				0B1A8A84DDA14C5D37A16165 /* Pods-flixterTests.release.xcconfig */,
			);
			name = Pods;
			path = Pods;
			sourceTree = "<group>";
		};
		B4FB8260038AAA00CE03BCF3 /* Frameworks */ = {
			isa = PBXGroup;
			children = (
				28B2EF0E71FBEA7AA6344530 /* Pods_flixter.framework */,
				13E17527E9A733FCFC1CBA9A /* Pods_flixter_flixterUITests.framework */,
				27E8227595A29B6D8BE80183 /* Pods_flixterTests.framework */,
			);
			name = Frameworks;
			sourceTree = "<group>";
		};
/* End PBXGroup section */

/* Begin PBXNativeTarget section */
		5796793625DF6CC2004A925D /* flixter */ = {
			isa = PBXNativeTarget;
			buildConfigurationList = 5796796125DF6CC8004A925D /* Build configuration list for PBXNativeTarget "flixter" */;
			buildPhases = (
				13A30FC053ED78DAFB9C8B7B /* [CP] Check Pods Manifest.lock */,
				5796793325DF6CC2004A925D /* Sources */,
				5796793425DF6CC2004A925D /* Frameworks */,
				5796793525DF6CC2004A925D /* Resources */,
				09E7E8341418F888A10A9D1C /* [CP] Embed Pods Frameworks */,
			);
			buildRules = (
			);
			dependencies = (
			);
			name = flixter;
			productName = flixter;
			productReference = 5796793725DF6CC2004A925D /* flixter.app */;
			productType = "com.apple.product-type.application";
		};
		5796794C25DF6CC8004A925D /* flixterTests */ = {
			isa = PBXNativeTarget;
			buildConfigurationList = 5796796425DF6CC8004A925D /* Build configuration list for PBXNativeTarget "flixterTests" */;
			buildPhases = (
				1DE3A6B8CB0CAD2B3A237EA0 /* [CP] Check Pods Manifest.lock */,
				5796794925DF6CC8004A925D /* Sources */,
				5796794A25DF6CC8004A925D /* Frameworks */,
				5796794B25DF6CC8004A925D /* Resources */,
			);
			buildRules = (
			);
			dependencies = (
				5796794F25DF6CC8004A925D /* PBXTargetDependency */,
			);
			name = flixterTests;
			productName = flixterTests;
			productReference = 5796794D25DF6CC8004A925D /* flixterTests.xctest */;
			productType = "com.apple.product-type.bundle.unit-test";
		};
		5796795725DF6CC8004A925D /* flixterUITests */ = {
			isa = PBXNativeTarget;
			buildConfigurationList = 5796796725DF6CC8004A925D /* Build configuration list for PBXNativeTarget "flixterUITests" */;
			buildPhases = (
				F4F7678319861C8F0B01F6CE /* [CP] Check Pods Manifest.lock */,
				5796795425DF6CC8004A925D /* Sources */,
				5796795525DF6CC8004A925D /* Frameworks */,
				5796795625DF6CC8004A925D /* Resources */,
				9E7B93DFF04BF5DCA05F8174 /* [CP] Embed Pods Frameworks */,
			);
			buildRules = (
			);
			dependencies = (
				5796795A25DF6CC8004A925D /* PBXTargetDependency */,
			);
			name = flixterUITests;
			productName = flixterUITests;
			productReference = 5796795825DF6CC8004A925D /* flixterUITests.xctest */;
			productType = "com.apple.product-type.bundle.ui-testing";
		};
/* End PBXNativeTarget section */

/* Begin PBXProject section */
		5796792F25DF6CC2004A925D /* Project object */ = {
			isa = PBXProject;
			attributes = {
				LastSwiftUpdateCheck = 1240;
				LastUpgradeCheck = 1240;
				TargetAttributes = {
					5796793625DF6CC2004A925D = {
						CreatedOnToolsVersion = 12.4;
					};
					5796794C25DF6CC8004A925D = {
						CreatedOnToolsVersion = 12.4;
						TestTargetID = 5796793625DF6CC2004A925D;
					};
					5796795725DF6CC8004A925D = {
						CreatedOnToolsVersion = 12.4;
						TestTargetID = 5796793625DF6CC2004A925D;
					};
				};
			};
			buildConfigurationList = 5796793225DF6CC2004A925D /* Build configuration list for PBXProject "flixter" */;
			compatibilityVersion = "Xcode 9.3";
			developmentRegion = en;
			hasScannedForEncodings = 0;
			knownRegions = (
				en,
				Base,
			);
			mainGroup = 5796792E25DF6CC2004A925D;
			productRefGroup = 5796793825DF6CC2004A925D /* Products */;
			projectDirPath = "";
			projectRoot = "";
			targets = (
				5796793625DF6CC2004A925D /* flixter */,
				5796794C25DF6CC8004A925D /* flixterTests */,
				5796795725DF6CC8004A925D /* flixterUITests */,
			);
		};
/* End PBXProject section */

/* Begin PBXResourcesBuildPhase section */
		5796793525DF6CC2004A925D /* Resources */ = {
			isa = PBXResourcesBuildPhase;
			buildActionMask = 2147483647;
			files = (
				5796794725DF6CC8004A925D /* LaunchScreen.storyboard in Resources */,
				5796794425DF6CC8004A925D /* Assets.xcassets in Resources */,
				5796794225DF6CC2004A925D /* Main.storyboard in Resources */,
			);
			runOnlyForDeploymentPostprocessing = 0;
		};
		5796794B25DF6CC8004A925D /* Resources */ = {
			isa = PBXResourcesBuildPhase;
			buildActionMask = 2147483647;
			files = (
			);
			runOnlyForDeploymentPostprocessing = 0;
		};
		5796795625DF6CC8004A925D /* Resources */ = {
			isa = PBXResourcesBuildPhase;
			buildActionMask = 2147483647;
			files = (
			);
			runOnlyForDeploymentPostprocessing = 0;
		};
/* End PBXResourcesBuildPhase section */

/* Begin PBXShellScriptBuildPhase section */
		09E7E8341418F888A10A9D1C /* [CP] Embed Pods Frameworks */ = {
			isa = PBXShellScriptBuildPhase;
			buildActionMask = 2147483647;
			files = (
			);
			inputFileListPaths = (
				"${PODS_ROOT}/Target Support Files/Pods-flixter/Pods-flixter-frameworks-${CONFIGURATION}-input-files.xcfilelist",
			);
			name = "[CP] Embed Pods Frameworks";
			outputFileListPaths = (
				"${PODS_ROOT}/Target Support Files/Pods-flixter/Pods-flixter-frameworks-${CONFIGURATION}-output-files.xcfilelist",
			);
			runOnlyForDeploymentPostprocessing = 0;
			shellPath = /bin/sh;
			shellScript = "\"${PODS_ROOT}/Target Support Files/Pods-flixter/Pods-flixter-frameworks.sh\"\n";
			showEnvVarsInLog = 0;
		};
		13A30FC053ED78DAFB9C8B7B /* [CP] Check Pods Manifest.lock */ = {
			isa = PBXShellScriptBuildPhase;
			buildActionMask = 2147483647;
			files = (
			);
			inputFileListPaths = (
			);
			inputPaths = (
				"${PODS_PODFILE_DIR_PATH}/Podfile.lock",
				"${PODS_ROOT}/Manifest.lock",
			);
			name = "[CP] Check Pods Manifest.lock";
			outputFileListPaths = (
			);
			outputPaths = (
				"$(DERIVED_FILE_DIR)/Pods-flixter-checkManifestLockResult.txt",
			);
			runOnlyForDeploymentPostprocessing = 0;
			shellPath = /bin/sh;
			shellScript = "diff \"${PODS_PODFILE_DIR_PATH}/Podfile.lock\" \"${PODS_ROOT}/Manifest.lock\" > /dev/null\nif [ $? != 0 ] ; then\n    # print error to STDERR\n    echo \"error: The sandbox is not in sync with the Podfile.lock. Run 'pod install' or update your CocoaPods installation.\" >&2\n    exit 1\nfi\n# This output is used by Xcode 'outputs' to avoid re-running this script phase.\necho \"SUCCESS\" > \"${SCRIPT_OUTPUT_FILE_0}\"\n";
			showEnvVarsInLog = 0;
		};
		1DE3A6B8CB0CAD2B3A237EA0 /* [CP] Check Pods Manifest.lock */ = {
			isa = PBXShellScriptBuildPhase;
			buildActionMask = 2147483647;
			files = (
			);
			inputFileListPaths = (
			);
			inputPaths = (
				"${PODS_PODFILE_DIR_PATH}/Podfile.lock",
				"${PODS_ROOT}/Manifest.lock",
			);
			name = "[CP] Check Pods Manifest.lock";
			outputFileListPaths = (
			);
			outputPaths = (
				"$(DERIVED_FILE_DIR)/Pods-flixterTests-checkManifestLockResult.txt",
			);
			runOnlyForDeploymentPostprocessing = 0;
			shellPath = /bin/sh;
			shellScript = "diff \"${PODS_PODFILE_DIR_PATH}/Podfile.lock\" \"${PODS_ROOT}/Manifest.lock\" > /dev/null\nif [ $? != 0 ] ; then\n    # print error to STDERR\n    echo \"error: The sandbox is not in sync with the Podfile.lock. Run 'pod install' or update your CocoaPods installation.\" >&2\n    exit 1\nfi\n# This output is used by Xcode 'outputs' to avoid re-running this script phase.\necho \"SUCCESS\" > \"${SCRIPT_OUTPUT_FILE_0}\"\n";
			showEnvVarsInLog = 0;
		};
		9E7B93DFF04BF5DCA05F8174 /* [CP] Embed Pods Frameworks */ = {
			isa = PBXShellScriptBuildPhase;
			buildActionMask = 2147483647;
			files = (
			);
			inputFileListPaths = (
				"${PODS_ROOT}/Target Support Files/Pods-flixter-flixterUITests/Pods-flixter-flixterUITests-frameworks-${CONFIGURATION}-input-files.xcfilelist",
			);
			name = "[CP] Embed Pods Frameworks";
			outputFileListPaths = (
				"${PODS_ROOT}/Target Support Files/Pods-flixter-flixterUITests/Pods-flixter-flixterUITests-frameworks-${CONFIGURATION}-output-files.xcfilelist",
			);
			runOnlyForDeploymentPostprocessing = 0;
			shellPath = /bin/sh;
			shellScript = "\"${PODS_ROOT}/Target Support Files/Pods-flixter-flixterUITests/Pods-flixter-flixterUITests-frameworks.sh\"\n";
			showEnvVarsInLog = 0;
		};
		F4F7678319861C8F0B01F6CE /* [CP] Check Pods Manifest.lock */ = {
			isa = PBXShellScriptBuildPhase;
			buildActionMask = 2147483647;
			files = (
			);
			inputFileListPaths = (
			);
			inputPaths = (
				"${PODS_PODFILE_DIR_PATH}/Podfile.lock",
				"${PODS_ROOT}/Manifest.lock",
			);
			name = "[CP] Check Pods Manifest.lock";
			outputFileListPaths = (
			);
			outputPaths = (
				"$(DERIVED_FILE_DIR)/Pods-flixter-flixterUITests-checkManifestLockResult.txt",
			);
			runOnlyForDeploymentPostprocessing = 0;
			shellPath = /bin/sh;
			shellScript = "diff \"${PODS_PODFILE_DIR_PATH}/Podfile.lock\" \"${PODS_ROOT}/Manifest.lock\" > /dev/null\nif [ $? != 0 ] ; then\n    # print error to STDERR\n    echo \"error: The sandbox is not in sync with the Podfile.lock. Run 'pod install' or update your CocoaPods installation.\" >&2\n    exit 1\nfi\n# This output is used by Xcode 'outputs' to avoid re-running this script phase.\necho \"SUCCESS\" > \"${SCRIPT_OUTPUT_FILE_0}\"\n";
			showEnvVarsInLog = 0;
		};
/* End PBXShellScriptBuildPhase section */

/* Begin PBXSourcesBuildPhase section */
		5796793325DF6CC2004A925D /* Sources */ = {
			isa = PBXSourcesBuildPhase;
			buildActionMask = 2147483647;
			files = (
				5796793B25DF6CC2004A925D /* AppDelegate.swift in Sources */,
				5796793D25DF6CC2004A925D /* SceneDelegate.swift in Sources */,
				5796797625DF94DB004A925D /* MovieCell.swift in Sources */,
				5796797125DF71ED004A925D /* MoviesViewController.swift in Sources */,
			);
			runOnlyForDeploymentPostprocessing = 0;
		};
		5796794925DF6CC8004A925D /* Sources */ = {
			isa = PBXSourcesBuildPhase;
			buildActionMask = 2147483647;
			files = (
				5796795225DF6CC8004A925D /* flixterTests.swift in Sources */,
			);
			runOnlyForDeploymentPostprocessing = 0;
		};
		5796795425DF6CC8004A925D /* Sources */ = {
			isa = PBXSourcesBuildPhase;
			buildActionMask = 2147483647;
			files = (
				5796795D25DF6CC8004A925D /* flixterUITests.swift in Sources */,
			);
			runOnlyForDeploymentPostprocessing = 0;
		};
/* End PBXSourcesBuildPhase section */

/* Begin PBXTargetDependency section */
		5796794F25DF6CC8004A925D /* PBXTargetDependency */ = {
			isa = PBXTargetDependency;
			target = 5796793625DF6CC2004A925D /* flixter */;
			targetProxy = 5796794E25DF6CC8004A925D /* PBXContainerItemProxy */;
		};
		5796795A25DF6CC8004A925D /* PBXTargetDependency */ = {
			isa = PBXTargetDependency;
			target = 5796793625DF6CC2004A925D /* flixter */;
			targetProxy = 5796795925DF6CC8004A925D /* PBXContainerItemProxy */;
		};
/* End PBXTargetDependency section */

/* Begin PBXVariantGroup section */
		5796794025DF6CC2004A925D /* Main.storyboard */ = {
			isa = PBXVariantGroup;
			children = (
				5796794125DF6CC2004A925D /* Base */,
			);
			name = Main.storyboard;
			sourceTree = "<group>";
		};
		5796794525DF6CC8004A925D /* LaunchScreen.storyboard */ = {
			isa = PBXVariantGroup;
			children = (
				5796794625DF6CC8004A925D /* Base */,
			);
			name = LaunchScreen.storyboard;
			sourceTree = "<group>";
		};
/* End PBXVariantGroup section */

/* Begin XCBuildConfiguration section */
		5796795F25DF6CC8004A925D /* Debug */ = {
			isa = XCBuildConfiguration;
			buildSettings = {
				ALWAYS_SEARCH_USER_PATHS = NO;
				CLANG_ANALYZER_NONNULL = YES;
				CLANG_ANALYZER_NUMBER_OBJECT_CONVERSION = YES_AGGRESSIVE;
				CLANG_CXX_LANGUAGE_STANDARD = "gnu++14";
				CLANG_CXX_LIBRARY = "libc++";
				CLANG_ENABLE_MODULES = YES;
				CLANG_ENABLE_OBJC_ARC = YES;
				CLANG_ENABLE_OBJC_WEAK = YES;
				CLANG_WARN_BLOCK_CAPTURE_AUTORELEASING = YES;
				CLANG_WARN_BOOL_CONVERSION = YES;
				CLANG_WARN_COMMA = YES;
				CLANG_WARN_CONSTANT_CONVERSION = YES;
				CLANG_WARN_DEPRECATED_OBJC_IMPLEMENTATIONS = YES;
				CLANG_WARN_DIRECT_OBJC_ISA_USAGE = YES_ERROR;
				CLANG_WARN_DOCUMENTATION_COMMENTS = YES;
				CLANG_WARN_EMPTY_BODY = YES;
				CLANG_WARN_ENUM_CONVERSION = YES;
				CLANG_WARN_INFINITE_RECURSION = YES;
				CLANG_WARN_INT_CONVERSION = YES;
				CLANG_WARN_NON_LITERAL_NULL_CONVERSION = YES;
				CLANG_WARN_OBJC_IMPLICIT_RETAIN_SELF = YES;
				CLANG_WARN_OBJC_LITERAL_CONVERSION = YES;
				CLANG_WARN_OBJC_ROOT_CLASS = YES_ERROR;
				CLANG_WARN_QUOTED_INCLUDE_IN_FRAMEWORK_HEADER = YES;
				CLANG_WARN_RANGE_LOOP_ANALYSIS = YES;
				CLANG_WARN_STRICT_PROTOTYPES = YES;
				CLANG_WARN_SUSPICIOUS_MOVE = YES;
				CLANG_WARN_UNGUARDED_AVAILABILITY = YES_AGGRESSIVE;
				CLANG_WARN_UNREACHABLE_CODE = YES;
				CLANG_WARN__DUPLICATE_METHOD_MATCH = YES;
				COPY_PHASE_STRIP = NO;
				DEBUG_INFORMATION_FORMAT = dwarf;
				ENABLE_STRICT_OBJC_MSGSEND = YES;
				ENABLE_TESTABILITY = YES;
				GCC_C_LANGUAGE_STANDARD = gnu11;
				GCC_DYNAMIC_NO_PIC = NO;
				GCC_NO_COMMON_BLOCKS = YES;
				GCC_OPTIMIZATION_LEVEL = 0;
				GCC_PREPROCESSOR_DEFINITIONS = (
					"DEBUG=1",
					"$(inherited)",
				);
				GCC_WARN_64_TO_32_BIT_CONVERSION = YES;
				GCC_WARN_ABOUT_RETURN_TYPE = YES_ERROR;
				GCC_WARN_UNDECLARED_SELECTOR = YES;
				GCC_WARN_UNINITIALIZED_AUTOS = YES_AGGRESSIVE;
				GCC_WARN_UNUSED_FUNCTION = YES;
				GCC_WARN_UNUSED_VARIABLE = YES;
				IPHONEOS_DEPLOYMENT_TARGET = 14.4;
				MTL_ENABLE_DEBUG_INFO = INCLUDE_SOURCE;
				MTL_FAST_MATH = YES;
				ONLY_ACTIVE_ARCH = YES;
				SDKROOT = iphoneos;
				SWIFT_ACTIVE_COMPILATION_CONDITIONS = DEBUG;
				SWIFT_OPTIMIZATION_LEVEL = "-Onone";
			};
			name = Debug;
		};
		5796796025DF6CC8004A925D /* Release */ = {
			isa = XCBuildConfiguration;
			buildSettings = {
				ALWAYS_SEARCH_USER_PATHS = NO;
				CLANG_ANALYZER_NONNULL = YES;
				CLANG_ANALYZER_NUMBER_OBJECT_CONVERSION = YES_AGGRESSIVE;
				CLANG_CXX_LANGUAGE_STANDARD = "gnu++14";
				CLANG_CXX_LIBRARY = "libc++";
				CLANG_ENABLE_MODULES = YES;
				CLANG_ENABLE_OBJC_ARC = YES;
				CLANG_ENABLE_OBJC_WEAK = YES;
				CLANG_WARN_BLOCK_CAPTURE_AUTORELEASING = YES;
				CLANG_WARN_BOOL_CONVERSION = YES;
				CLANG_WARN_COMMA = YES;
				CLANG_WARN_CONSTANT_CONVERSION = YES;
				CLANG_WARN_DEPRECATED_OBJC_IMPLEMENTATIONS = YES;
				CLANG_WARN_DIRECT_OBJC_ISA_USAGE = YES_ERROR;
				CLANG_WARN_DOCUMENTATION_COMMENTS = YES;
				CLANG_WARN_EMPTY_BODY = YES;
				CLANG_WARN_ENUM_CONVERSION = YES;
				CLANG_WARN_INFINITE_RECURSION = YES;
				CLANG_WARN_INT_CONVERSION = YES;
				CLANG_WARN_NON_LITERAL_NULL_CONVERSION = YES;
				CLANG_WARN_OBJC_IMPLICIT_RETAIN_SELF = YES;
				CLANG_WARN_OBJC_LITERAL_CONVERSION = YES;
				CLANG_WARN_OBJC_ROOT_CLASS = YES_ERROR;
				CLANG_WARN_QUOTED_INCLUDE_IN_FRAMEWORK_HEADER = YES;
				CLANG_WARN_RANGE_LOOP_ANALYSIS = YES;
				CLANG_WARN_STRICT_PROTOTYPES = YES;
				CLANG_WARN_SUSPICIOUS_MOVE = YES;
				CLANG_WARN_UNGUARDED_AVAILABILITY = YES_AGGRESSIVE;
				CLANG_WARN_UNREACHABLE_CODE = YES;
				CLANG_WARN__DUPLICATE_METHOD_MATCH = YES;
				COPY_PHASE_STRIP = NO;
				DEBUG_INFORMATION_FORMAT = "dwarf-with-dsym";
				ENABLE_NS_ASSERTIONS = NO;
				ENABLE_STRICT_OBJC_MSGSEND = YES;
				GCC_C_LANGUAGE_STANDARD = gnu11;
				GCC_NO_COMMON_BLOCKS = YES;
				GCC_WARN_64_TO_32_BIT_CONVERSION = YES;
				GCC_WARN_ABOUT_RETURN_TYPE = YES_ERROR;
				GCC_WARN_UNDECLARED_SELECTOR = YES;
				GCC_WARN_UNINITIALIZED_AUTOS = YES_AGGRESSIVE;
				GCC_WARN_UNUSED_FUNCTION = YES;
				GCC_WARN_UNUSED_VARIABLE = YES;
				IPHONEOS_DEPLOYMENT_TARGET = 14.4;
				MTL_ENABLE_DEBUG_INFO = NO;
				MTL_FAST_MATH = YES;
				SDKROOT = iphoneos;
				SWIFT_COMPILATION_MODE = wholemodule;
				SWIFT_OPTIMIZATION_LEVEL = "-O";
				VALIDATE_PRODUCT = YES;
			};
			name = Release;
		};
		5796796225DF6CC8004A925D /* Debug */ = {
			isa = XCBuildConfiguration;
			baseConfigurationReference = 88FAC71BBB5BDFB24419A7AE /* Pods-flixter.debug.xcconfig */;
			buildSettings = {
				ASSETCATALOG_COMPILER_APPICON_NAME = AppIcon;
				ASSETCATALOG_COMPILER_GLOBAL_ACCENT_COLOR_NAME = AccentColor;
				CODE_SIGN_STYLE = Automatic;
				INFOPLIST_FILE = flixter/Info.plist;
				LD_RUNPATH_SEARCH_PATHS = (
					"$(inherited)",
					"@executable_path/Frameworks",
				);
				PRODUCT_BUNDLE_IDENTIFIER = dmichaelhanson.flixter;
				PRODUCT_NAME = "$(TARGET_NAME)";
				SWIFT_VERSION = 5.0;
				TARGETED_DEVICE_FAMILY = "1,2";
			};
			name = Debug;
		};
		5796796325DF6CC8004A925D /* Release */ = {
			isa = XCBuildConfiguration;
			baseConfigurationReference = FD7F8D7615BA3E8D347D5723 /* Pods-flixter.release.xcconfig */;
			buildSettings = {
				ASSETCATALOG_COMPILER_APPICON_NAME = AppIcon;
				ASSETCATALOG_COMPILER_GLOBAL_ACCENT_COLOR_NAME = AccentColor;
				CODE_SIGN_STYLE = Automatic;
				INFOPLIST_FILE = flixter/Info.plist;
				LD_RUNPATH_SEARCH_PATHS = (
					"$(inherited)",
					"@executable_path/Frameworks",
				);
				PRODUCT_BUNDLE_IDENTIFIER = dmichaelhanson.flixter;
				PRODUCT_NAME = "$(TARGET_NAME)";
				SWIFT_VERSION = 5.0;
				TARGETED_DEVICE_FAMILY = "1,2";
			};
			name = Release;
		};
		5796796525DF6CC8004A925D /* Debug */ = {
			isa = XCBuildConfiguration;
			baseConfigurationReference = 34B377DC1F6717414ABD9EF4 /* Pods-flixterTests.debug.xcconfig */;
			buildSettings = {
				ALWAYS_EMBED_SWIFT_STANDARD_LIBRARIES = YES;
				BUNDLE_LOADER = "$(TEST_HOST)";
				CODE_SIGN_STYLE = Automatic;
				INFOPLIST_FILE = flixterTests/Info.plist;
				IPHONEOS_DEPLOYMENT_TARGET = 14.4;
				LD_RUNPATH_SEARCH_PATHS = (
					"$(inherited)",
					"@executable_path/Frameworks",
					"@loader_path/Frameworks",
				);
				PRODUCT_BUNDLE_IDENTIFIER = dmichaelhanson.flixterTests;
				PRODUCT_NAME = "$(TARGET_NAME)";
				SWIFT_VERSION = 5.0;
				TARGETED_DEVICE_FAMILY = "1,2";
				TEST_HOST = "$(BUILT_PRODUCTS_DIR)/flixter.app/flixter";
			};
			name = Debug;
		};
		5796796625DF6CC8004A925D /* Release */ = {
			isa = XCBuildConfiguration;
			baseConfigurationReference = 0B1A8A84DDA14C5D37A16165 /* Pods-flixterTests.release.xcconfig */;
			buildSettings = {
				ALWAYS_EMBED_SWIFT_STANDARD_LIBRARIES = YES;
				BUNDLE_LOADER = "$(TEST_HOST)";
				CODE_SIGN_STYLE = Automatic;
				INFOPLIST_FILE = flixterTests/Info.plist;
				IPHONEOS_DEPLOYMENT_TARGET = 14.4;
				LD_RUNPATH_SEARCH_PATHS = (
					"$(inherited)",
					"@executable_path/Frameworks",
					"@loader_path/Frameworks",
				);
				PRODUCT_BUNDLE_IDENTIFIER = dmichaelhanson.flixterTests;
				PRODUCT_NAME = "$(TARGET_NAME)";
				SWIFT_VERSION = 5.0;
				TARGETED_DEVICE_FAMILY = "1,2";
				TEST_HOST = "$(BUILT_PRODUCTS_DIR)/flixter.app/flixter";
			};
			name = Release;
		};
		5796796825DF6CC8004A925D /* Debug */ = {
			isa = XCBuildConfiguration;
			baseConfigurationReference = D01BD9782018440876FB3F15 /* Pods-flixter-flixterUITests.debug.xcconfig */;
			buildSettings = {
				ALWAYS_EMBED_SWIFT_STANDARD_LIBRARIES = YES;
				CODE_SIGN_STYLE = Automatic;
				INFOPLIST_FILE = flixterUITests/Info.plist;
				LD_RUNPATH_SEARCH_PATHS = (
					"$(inherited)",
					"@executable_path/Frameworks",
					"@loader_path/Frameworks",
				);
				PRODUCT_BUNDLE_IDENTIFIER = dmichaelhanson.flixterUITests;
				PRODUCT_NAME = "$(TARGET_NAME)";
				SWIFT_VERSION = 5.0;
				TARGETED_DEVICE_FAMILY = "1,2";
				TEST_TARGET_NAME = flixter;
			};
			name = Debug;
		};
		5796796925DF6CC8004A925D /* Release */ = {
			isa = XCBuildConfiguration;
			baseConfigurationReference = D508D7CE9A3C9D55A99484E8 /* Pods-flixter-flixterUITests.release.xcconfig */;
			buildSettings = {
				ALWAYS_EMBED_SWIFT_STANDARD_LIBRARIES = YES;
				CODE_SIGN_STYLE = Automatic;
				INFOPLIST_FILE = flixterUITests/Info.plist;
				LD_RUNPATH_SEARCH_PATHS = (
					"$(inherited)",
					"@executable_path/Frameworks",
					"@loader_path/Frameworks",
				);
				PRODUCT_BUNDLE_IDENTIFIER = dmichaelhanson.flixterUITests;
				PRODUCT_NAME = "$(TARGET_NAME)";
				SWIFT_VERSION = 5.0;
				TARGETED_DEVICE_FAMILY = "1,2";
				TEST_TARGET_NAME = flixter;
			};
			name = Release;
		};
/* End XCBuildConfiguration section */

/* Begin XCConfigurationList section */
		5796793225DF6CC2004A925D /* Build configuration list for PBXProject "flixter" */ = {
			isa = XCConfigurationList;
			buildConfigurations = (
				5796795F25DF6CC8004A925D /* Debug */,
				5796796025DF6CC8004A925D /* Release */,
			);
			defaultConfigurationIsVisible = 0;
			defaultConfigurationName = Release;
		};
		5796796125DF6CC8004A925D /* Build configuration list for PBXNativeTarget "flixter" */ = {
			isa = XCConfigurationList;
			buildConfigurations = (
				5796796225DF6CC8004A925D /* Debug */,
				5796796325DF6CC8004A925D /* Release */,
			);
			defaultConfigurationIsVisible = 0;
			defaultConfigurationName = Release;
		};
		5796796425DF6CC8004A925D /* Build configuration list for PBXNativeTarget "flixterTests" */ = {
			isa = XCConfigurationList;
			buildConfigurations = (
				5796796525DF6CC8004A925D /* Debug */,
				5796796625DF6CC8004A925D /* Release */,
			);
			defaultConfigurationIsVisible = 0;
			defaultConfigurationName = Release;
		};
		5796796725DF6CC8004A925D /* Build configuration list for PBXNativeTarget "flixterUITests" */ = {
			isa = XCConfigurationList;
			buildConfigurations = (
				5796796825DF6CC8004A925D /* Debug */,
				5796796925DF6CC8004A925D /* Release */,
			);
			defaultConfigurationIsVisible = 0;
			defaultConfigurationName = Release;
		};
/* End XCConfigurationList section */
	};
	rootObject = 5796792F25DF6CC2004A925D /* Project object */;
}
